<?xml version="1.0" encoding="UTF-8"?>
<!DOCTYPE plist PUBLIC "-//Apple//DTD PLIST 1.0//EN" "http://www.apple.com/DTDs/PropertyList-1.0.dtd">
<plist version="1.0">
<dict>
	<key>archiveVersion</key>
	<string>1</string>
	<key>classes</key>
	<dict/>
	<key>objectVersion</key>
	<string>46</string>
	<key>objects</key>
	<dict>
		<key>58B5FDA36D5A40C9832E4CBA</key>
		<dict>
			<key>buildActionMask</key>
			<string>2147483647</string>
			<key>files</key>
			<array/>
			<key>inputPaths</key>
			<array/>
			<key>isa</key>
			<string>PBXShellScriptBuildPhase</string>
			<key>name</key>
			<string>Copy Pods Resources</string>
			<key>outputPaths</key>
			<array/>
			<key>runOnlyForDeploymentPostprocessing</key>
			<string>0</string>
			<key>shellPath</key>
			<string>/bin/sh</string>
			<key>shellScript</key>
			<string>"${SRCROOT}/Pods/Pods-resources.sh"
</string>
			<key>showEnvVarsInLog</key>
			<string>0</string>
		</dict>
		<key>653642EB183EB36F0057D41A</key>
		<dict>
			<key>fileEncoding</key>
			<string>4</string>
			<key>isa</key>
			<string>PBXFileReference</string>
			<key>lastKnownFileType</key>
			<string>sourcecode.c.h</string>
			<key>path</key>
			<string>MonthPanel.h</string>
			<key>sourceTree</key>
			<string>&lt;group&gt;</string>
		</dict>
		<key>653642EC183EB36F0057D41A</key>
		<dict>
			<key>fileEncoding</key>
			<string>4</string>
			<key>isa</key>
			<string>PBXFileReference</string>
			<key>lastKnownFileType</key>
			<string>sourcecode.c.objc</string>
			<key>path</key>
			<string>MonthPanel.m</string>
			<key>sourceTree</key>
			<string>&lt;group&gt;</string>
		</dict>
		<key>653642ED183EB36F0057D41A</key>
		<dict>
			<key>fileRef</key>
			<string>653642EC183EB36F0057D41A</string>
			<key>isa</key>
			<string>PBXBuildFile</string>
		</dict>
		<key>653642EF183EC1B50057D41A</key>
		<dict>
			<key>fileEncoding</key>
			<string>4</string>
			<key>isa</key>
			<string>PBXFileReference</string>
			<key>lastKnownFileType</key>
			<string>sourcecode.c.h</string>
			<key>path</key>
			<string>MonthButton.h</string>
			<key>sourceTree</key>
			<string>&lt;group&gt;</string>
		</dict>
		<key>653642F0183EC1B50057D41A</key>
		<dict>
			<key>fileEncoding</key>
			<string>4</string>
			<key>isa</key>
			<string>PBXFileReference</string>
			<key>lastKnownFileType</key>
			<string>sourcecode.c.objc</string>
			<key>path</key>
			<string>MonthButton.m</string>
			<key>sourceTree</key>
			<string>&lt;group&gt;</string>
		</dict>
		<key>653642F1183EC1B50057D41A</key>
		<dict>
			<key>fileRef</key>
			<string>653642F0183EC1B50057D41A</string>
			<key>isa</key>
			<string>PBXBuildFile</string>
		</dict>
		<key>653642F2183EF61D0057D41A</key>
		<dict>
			<key>fileEncoding</key>
			<string>4</string>
			<key>isa</key>
			<string>PBXFileReference</string>
			<key>lastKnownFileType</key>
			<string>sourcecode.c.h</string>
			<key>path</key>
			<string>DayButton.h</string>
			<key>sourceTree</key>
			<string>&lt;group&gt;</string>
		</dict>
		<key>653642F3183EF61D0057D41A</key>
		<dict>
			<key>fileEncoding</key>
			<string>4</string>
			<key>isa</key>
			<string>PBXFileReference</string>
			<key>lastKnownFileType</key>
			<string>sourcecode.c.objc</string>
			<key>path</key>
			<string>DayButton.m</string>
			<key>sourceTree</key>
			<string>&lt;group&gt;</string>
		</dict>
		<key>653642F4183EF61D0057D41A</key>
		<dict>
			<key>fileRef</key>
			<string>653642F3183EF61D0057D41A</string>
			<key>isa</key>
			<string>PBXBuildFile</string>
		</dict>
		<key>6597E349183F516F00849302</key>
		<dict>
			<key>fileEncoding</key>
			<string>4</string>
			<key>isa</key>
			<string>PBXFileReference</string>
			<key>lastKnownFileType</key>
			<string>sourcecode.c.h</string>
			<key>path</key>
			<string>DailyViewController.h</string>
			<key>sourceTree</key>
			<string>&lt;group&gt;</string>
		</dict>
		<key>6597E34A183F516F00849302</key>
		<dict>
			<key>fileEncoding</key>
			<string>4</string>
			<key>isa</key>
			<string>PBXFileReference</string>
			<key>lastKnownFileType</key>
			<string>sourcecode.c.objc</string>
			<key>path</key>
			<string>DailyViewController.m</string>
			<key>sourceTree</key>
			<string>&lt;group&gt;</string>
		</dict>
		<key>6597E34B183F516F00849302</key>
		<dict>
			<key>fileRef</key>
			<string>6597E34A183F516F00849302</string>
			<key>isa</key>
			<string>PBXBuildFile</string>
		</dict>
		<key>659D9CD0183DBFF6008EBA12</key>
		<dict>
			<key>fileEncoding</key>
			<string>4</string>
			<key>isa</key>
			<string>PBXFileReference</string>
			<key>lastKnownFileType</key>
			<string>sourcecode.c.h</string>
			<key>path</key>
			<string>YearlyViewController.h</string>
			<key>sourceTree</key>
			<string>&lt;group&gt;</string>
		</dict>
		<key>659D9CD1183DBFF6008EBA12</key>
		<dict>
			<key>fileEncoding</key>
			<string>4</string>
			<key>isa</key>
			<string>PBXFileReference</string>
			<key>lastKnownFileType</key>
			<string>sourcecode.c.objc</string>
			<key>path</key>
			<string>YearlyViewController.m</string>
			<key>sourceTree</key>
			<string>&lt;group&gt;</string>
		</dict>
		<key>659D9CD2183DBFF6008EBA12</key>
		<dict>
			<key>fileRef</key>
			<string>659D9CD1183DBFF6008EBA12</string>
			<key>isa</key>
			<string>PBXBuildFile</string>
		</dict>
		<key>659D9CD6183DD5A2008EBA12</key>
		<dict>
			<key>children</key>
			<array>
				<string>FEEFB3FD18501ED700F5F182</string>
				<string>FEEFB3FE18501ED700F5F182</string>
				<string>FEEFB3FC18501DEC00F5F182</string>
				<string>FEEFB3FB18501DDD00F5F182</string>
			</array>
			<key>isa</key>
			<string>PBXGroup</string>
			<key>name</key>
			<string>view</string>
			<key>sourceTree</key>
			<string>&lt;group&gt;</string>
		</dict>
		<key>659D9CD7183DD5D8008EBA12</key>
		<dict>
			<key>fileEncoding</key>
			<string>4</string>
			<key>isa</key>
			<string>PBXFileReference</string>
			<key>lastKnownFileType</key>
			<string>sourcecode.c.h</string>
			<key>path</key>
			<string>YearPanel.h</string>
			<key>sourceTree</key>
			<string>&lt;group&gt;</string>
		</dict>
		<key>659D9CD8183DD5D8008EBA12</key>
		<dict>
			<key>fileEncoding</key>
			<string>4</string>
			<key>isa</key>
			<string>PBXFileReference</string>
			<key>lastKnownFileType</key>
			<string>sourcecode.c.objc</string>
			<key>path</key>
			<string>YearPanel.m</string>
			<key>sourceTree</key>
			<string>&lt;group&gt;</string>
		</dict>
		<key>659D9CD9183DD5D8008EBA12</key>
		<dict>
			<key>fileRef</key>
			<string>659D9CD8183DD5D8008EBA12</string>
			<key>isa</key>
			<string>PBXBuildFile</string>
		</dict>
		<key>8A155502F79940A09BF381D3</key>
		<dict>
			<key>includeInIndex</key>
			<string>1</string>
			<key>isa</key>
			<string>PBXFileReference</string>
			<key>lastKnownFileType</key>
			<string>text.xcconfig</string>
			<key>name</key>
			<string>Pods.xcconfig</string>
			<key>path</key>
			<string>Pods/Pods.xcconfig</string>
			<key>sourceTree</key>
			<string>&lt;group&gt;</string>
		</dict>
		<key>A564F48F183D795300785E9E</key>
		<dict>
			<key>children</key>
			<array>
				<string>A564F4A1183D795300785E9E</string>
				<string>A564F4BA183D795300785E9E</string>
				<string>A564F49A183D795300785E9E</string>
				<string>A564F499183D795300785E9E</string>
				<string>8A155502F79940A09BF381D3</string>
			</array>
			<key>isa</key>
			<string>PBXGroup</string>
			<key>sourceTree</key>
			<string>&lt;group&gt;</string>
		</dict>
		<key>A564F490183D795300785E9E</key>
		<dict>
			<key>attributes</key>
			<dict>
				<key>LastUpgradeCheck</key>
				<string>0500</string>
				<key>ORGANIZATIONNAME</key>
				<string>MusicKids</string>
				<key>TargetAttributes</key>
				<dict>
					<key>A564F4B2183D795300785E9E</key>
					<dict>
						<key>TestTargetID</key>
						<string>A564F497183D795300785E9E</string>
					</dict>
				</dict>
			</dict>
			<key>buildConfigurationList</key>
			<string>A564F493183D795300785E9E</string>
			<key>compatibilityVersion</key>
			<string>Xcode 3.2</string>
			<key>developmentRegion</key>
			<string>English</string>
			<key>hasScannedForEncodings</key>
			<string>0</string>
			<key>isa</key>
			<string>PBXProject</string>
			<key>knownRegions</key>
			<array>
				<string>en</string>
			</array>
			<key>mainGroup</key>
			<string>A564F48F183D795300785E9E</string>
			<key>productRefGroup</key>
			<string>A564F499183D795300785E9E</string>
			<key>projectDirPath</key>
			<string></string>
			<key>projectReferences</key>
			<array/>
			<key>projectRoot</key>
			<string></string>
			<key>targets</key>
			<array>
				<string>A564F497183D795300785E9E</string>
				<string>A564F4B2183D795300785E9E</string>
			</array>
		</dict>
		<key>A564F493183D795300785E9E</key>
		<dict>
			<key>buildConfigurations</key>
			<array>
				<string>A564F4C2183D795300785E9E</string>
				<string>A564F4C3183D795300785E9E</string>
			</array>
			<key>defaultConfigurationIsVisible</key>
			<string>0</string>
			<key>defaultConfigurationName</key>
			<string>Release</string>
			<key>isa</key>
			<string>XCConfigurationList</string>
		</dict>
		<key>A564F494183D795300785E9E</key>
		<dict>
			<key>buildActionMask</key>
			<string>2147483647</string>
			<key>files</key>
			<array>
				<string>FEEFB3F718501C2B00F5F182</string>
				<string>653642F4183EF61D0057D41A</string>
				<string>659D9CD9183DD5D8008EBA12</string>
				<string>FE90AAC41852806E001AD462</string>
				<string>FEEFB3FA18501C3900F5F182</string>
				<string>FE90AAC118527884001AD462</string>
				<string>FEEFB3FF18501ED700F5F182</string>
				<string>FE90AACD1852F412001AD462</string>
				<string>A564F4D1183D98F800785E9E</string>
				<string>653642F1183EC1B50057D41A</string>
				<string>A564F4AC183D795300785E9E</string>
				<string>653642ED183EB36F0057D41A</string>
				<string>6597E34B183F516F00849302</string>
				<string>A564F4D6183DA55F00785E9E</string>
				<string>FEEFB408185078C600F5F182</string>
				<string>A564F4CE183D98AA00785E9E</string>
				<string>FE90AAC71852834D001AD462</string>
				<string>659D9CD2183DBFF6008EBA12</string>
				<string>FEEFB40B1850837D00F5F182</string>
				<string>A564F4A8183D795300785E9E</string>
			</array>
			<key>isa</key>
			<string>PBXSourcesBuildPhase</string>
			<key>runOnlyForDeploymentPostprocessing</key>
			<string>0</string>
		</dict>
		<key>A564F495183D795300785E9E</key>
		<dict>
			<key>buildActionMask</key>
			<string>2147483647</string>
			<key>files</key>
			<array>
				<string>A564F49E183D795300785E9E</string>
				<string>A564F4A0183D795300785E9E</string>
				<string>A564F49C183D795300785E9E</string>
				<string>D95AC2FCC567422D9ABFF362</string>
			</array>
			<key>isa</key>
			<string>PBXFrameworksBuildPhase</string>
			<key>runOnlyForDeploymentPostprocessing</key>
			<string>0</string>
		</dict>
		<key>A564F496183D795300785E9E</key>
		<dict>
			<key>buildActionMask</key>
			<string>2147483647</string>
			<key>files</key>
			<array>
				<string>A564F4A6183D795300785E9E</string>
				<string>A564F4AE183D795300785E9E</string>
				<string>A564F4CB183D799D00785E9E</string>
			</array>
			<key>isa</key>
			<string>PBXResourcesBuildPhase</string>
			<key>runOnlyForDeploymentPostprocessing</key>
			<string>0</string>
		</dict>
		<key>A564F497183D795300785E9E</key>
		<dict>
			<key>buildConfigurationList</key>
			<string>A564F4C4183D795300785E9E</string>
			<key>buildPhases</key>
			<array>
				<string>BA4ED1FA8F5A40B4BE6281B1</string>
				<string>A564F494183D795300785E9E</string>
				<string>A564F495183D795300785E9E</string>
				<string>A564F496183D795300785E9E</string>
				<string>58B5FDA36D5A40C9832E4CBA</string>
			</array>
			<key>buildRules</key>
			<array/>
			<key>dependencies</key>
			<array/>
			<key>isa</key>
			<string>PBXNativeTarget</string>
			<key>name</key>
			<string>wrapper</string>
			<key>productName</key>
			<string>wrapper</string>
			<key>productReference</key>
			<string>A564F498183D795300785E9E</string>
			<key>productType</key>
			<string>com.apple.product-type.application</string>
		</dict>
		<key>A564F498183D795300785E9E</key>
		<dict>
			<key>explicitFileType</key>
			<string>wrapper.application</string>
			<key>includeInIndex</key>
			<string>0</string>
			<key>isa</key>
			<string>PBXFileReference</string>
			<key>path</key>
			<string>wrapper.app</string>
			<key>sourceTree</key>
			<string>BUILT_PRODUCTS_DIR</string>
		</dict>
		<key>A564F499183D795300785E9E</key>
		<dict>
			<key>children</key>
			<array>
				<string>A564F498183D795300785E9E</string>
				<string>A564F4B3183D795300785E9E</string>
			</array>
			<key>isa</key>
			<string>PBXGroup</string>
			<key>name</key>
			<string>Products</string>
			<key>sourceTree</key>
			<string>&lt;group&gt;</string>
		</dict>
		<key>A564F49A183D795300785E9E</key>
		<dict>
			<key>children</key>
			<array>
				<string>A564F49B183D795300785E9E</string>
				<string>A564F49D183D795300785E9E</string>
				<string>A564F49F183D795300785E9E</string>
				<string>A564F4B4183D795300785E9E</string>
				<string>EADF2D1060BB42CCB78461C8</string>
			</array>
			<key>isa</key>
			<string>PBXGroup</string>
			<key>name</key>
			<string>Frameworks</string>
			<key>sourceTree</key>
			<string>&lt;group&gt;</string>
		</dict>
		<key>A564F49B183D795300785E9E</key>
		<dict>
			<key>isa</key>
			<string>PBXFileReference</string>
			<key>lastKnownFileType</key>
			<string>wrapper.framework</string>
			<key>name</key>
			<string>Foundation.framework</string>
			<key>path</key>
			<string>System/Library/Frameworks/Foundation.framework</string>
			<key>sourceTree</key>
			<string>SDKROOT</string>
		</dict>
		<key>A564F49C183D795300785E9E</key>
		<dict>
			<key>fileRef</key>
			<string>A564F49B183D795300785E9E</string>
			<key>isa</key>
			<string>PBXBuildFile</string>
		</dict>
		<key>A564F49D183D795300785E9E</key>
		<dict>
			<key>isa</key>
			<string>PBXFileReference</string>
			<key>lastKnownFileType</key>
			<string>wrapper.framework</string>
			<key>name</key>
			<string>CoreGraphics.framework</string>
			<key>path</key>
			<string>System/Library/Frameworks/CoreGraphics.framework</string>
			<key>sourceTree</key>
			<string>SDKROOT</string>
		</dict>
		<key>A564F49E183D795300785E9E</key>
		<dict>
			<key>fileRef</key>
			<string>A564F49D183D795300785E9E</string>
			<key>isa</key>
			<string>PBXBuildFile</string>
		</dict>
		<key>A564F49F183D795300785E9E</key>
		<dict>
			<key>isa</key>
			<string>PBXFileReference</string>
			<key>lastKnownFileType</key>
			<string>wrapper.framework</string>
			<key>name</key>
			<string>UIKit.framework</string>
			<key>path</key>
			<string>System/Library/Frameworks/UIKit.framework</string>
			<key>sourceTree</key>
			<string>SDKROOT</string>
		</dict>
		<key>A564F4A0183D795300785E9E</key>
		<dict>
			<key>fileRef</key>
			<string>A564F49F183D795300785E9E</string>
			<key>isa</key>
			<string>PBXBuildFile</string>
		</dict>
		<key>A564F4A1183D795300785E9E</key>
		<dict>
			<key>children</key>
			<array>
				<string>659D9CD6183DD5A2008EBA12</string>
				<string>A564F4D2183DA42600785E9E</string>
				<string>A564F4D3183DA49F00785E9E</string>
				<string>A564F4CA183D799D00785E9E</string>
				<string>A564F4AD183D795300785E9E</string>
				<string>A564F4A2183D795300785E9E</string>
			</array>
			<key>isa</key>
			<string>PBXGroup</string>
			<key>path</key>
			<string>wrapper</string>
			<key>sourceTree</key>
			<string>&lt;group&gt;</string>
		</dict>
		<key>A564F4A2183D795300785E9E</key>
		<dict>
			<key>children</key>
			<array>
				<string>A564F4AA183D795300785E9E</string>
				<string>A564F4AB183D795300785E9E</string>
				<string>A564F4A3183D795300785E9E</string>
				<string>A564F4A4183D795300785E9E</string>
				<string>A564F4A7183D795300785E9E</string>
				<string>A564F4A9183D795300785E9E</string>
			</array>
			<key>isa</key>
			<string>PBXGroup</string>
			<key>name</key>
			<string>Supporting Files</string>
			<key>sourceTree</key>
			<string>&lt;group&gt;</string>
		</dict>
		<key>A564F4A3183D795300785E9E</key>
		<dict>
			<key>isa</key>
			<string>PBXFileReference</string>
			<key>lastKnownFileType</key>
			<string>text.plist.xml</string>
			<key>path</key>
			<string>wrapper-Info.plist</string>
			<key>sourceTree</key>
			<string>&lt;group&gt;</string>
		</dict>
		<key>A564F4A4183D795300785E9E</key>
		<dict>
			<key>children</key>
			<array>
				<string>A564F4A5183D795300785E9E</string>
			</array>
			<key>isa</key>
			<string>PBXVariantGroup</string>
			<key>name</key>
			<string>InfoPlist.strings</string>
			<key>sourceTree</key>
			<string>&lt;group&gt;</string>
		</dict>
		<key>A564F4A5183D795300785E9E</key>
		<dict>
			<key>isa</key>
			<string>PBXFileReference</string>
			<key>lastKnownFileType</key>
			<string>text.plist.strings</string>
			<key>name</key>
			<string>en</string>
			<key>path</key>
			<string>en.lproj/InfoPlist.strings</string>
			<key>sourceTree</key>
			<string>&lt;group&gt;</string>
		</dict>
		<key>A564F4A6183D795300785E9E</key>
		<dict>
			<key>fileRef</key>
			<string>A564F4A4183D795300785E9E</string>
			<key>isa</key>
			<string>PBXBuildFile</string>
		</dict>
		<key>A564F4A7183D795300785E9E</key>
		<dict>
			<key>isa</key>
			<string>PBXFileReference</string>
			<key>lastKnownFileType</key>
			<string>sourcecode.c.objc</string>
			<key>path</key>
			<string>main.m</string>
			<key>sourceTree</key>
			<string>&lt;group&gt;</string>
		</dict>
		<key>A564F4A8183D795300785E9E</key>
		<dict>
			<key>fileRef</key>
			<string>A564F4A7183D795300785E9E</string>
			<key>isa</key>
			<string>PBXBuildFile</string>
		</dict>
		<key>A564F4A9183D795300785E9E</key>
		<dict>
			<key>isa</key>
			<string>PBXFileReference</string>
			<key>lastKnownFileType</key>
			<string>sourcecode.c.h</string>
			<key>path</key>
			<string>wrapper-Prefix.pch</string>
			<key>sourceTree</key>
			<string>&lt;group&gt;</string>
		</dict>
		<key>A564F4AA183D795300785E9E</key>
		<dict>
			<key>isa</key>
			<string>PBXFileReference</string>
			<key>lastKnownFileType</key>
			<string>sourcecode.c.h</string>
			<key>path</key>
			<string>AppDelegate.h</string>
			<key>sourceTree</key>
			<string>&lt;group&gt;</string>
		</dict>
		<key>A564F4AB183D795300785E9E</key>
		<dict>
			<key>isa</key>
			<string>PBXFileReference</string>
			<key>lastKnownFileType</key>
			<string>sourcecode.c.objc</string>
			<key>path</key>
			<string>AppDelegate.m</string>
			<key>sourceTree</key>
			<string>&lt;group&gt;</string>
		</dict>
		<key>A564F4AC183D795300785E9E</key>
		<dict>
			<key>fileRef</key>
			<string>A564F4AB183D795300785E9E</string>
			<key>isa</key>
			<string>PBXBuildFile</string>
		</dict>
		<key>A564F4AD183D795300785E9E</key>
		<dict>
			<key>isa</key>
			<string>PBXFileReference</string>
			<key>lastKnownFileType</key>
			<string>folder.assetcatalog</string>
			<key>path</key>
			<string>Images.xcassets</string>
			<key>sourceTree</key>
			<string>&lt;group&gt;</string>
		</dict>
		<key>A564F4AE183D795300785E9E</key>
		<dict>
			<key>fileRef</key>
			<string>A564F4AD183D795300785E9E</string>
			<key>isa</key>
			<string>PBXBuildFile</string>
		</dict>
		<key>A564F4AF183D795300785E9E</key>
		<dict>
			<key>buildActionMask</key>
			<string>2147483647</string>
			<key>files</key>
			<array>
				<string>A564F4C1183D795300785E9E</string>
			</array>
			<key>isa</key>
			<string>PBXSourcesBuildPhase</string>
			<key>runOnlyForDeploymentPostprocessing</key>
			<string>0</string>
		</dict>
		<key>A564F4B0183D795300785E9E</key>
		<dict>
			<key>buildActionMask</key>
			<string>2147483647</string>
			<key>files</key>
			<array>
				<string>A564F4B5183D795300785E9E</string>
				<string>A564F4B7183D795300785E9E</string>
				<string>A564F4B6183D795300785E9E</string>
			</array>
			<key>isa</key>
			<string>PBXFrameworksBuildPhase</string>
			<key>runOnlyForDeploymentPostprocessing</key>
			<string>0</string>
		</dict>
		<key>A564F4B1183D795300785E9E</key>
		<dict>
			<key>buildActionMask</key>
			<string>2147483647</string>
			<key>files</key>
			<array>
				<string>A564F4BF183D795300785E9E</string>
			</array>
			<key>isa</key>
			<string>PBXResourcesBuildPhase</string>
			<key>runOnlyForDeploymentPostprocessing</key>
			<string>0</string>
		</dict>
		<key>A564F4B2183D795300785E9E</key>
		<dict>
			<key>buildConfigurationList</key>
			<string>A564F4C7183D795300785E9E</string>
			<key>buildPhases</key>
			<array>
				<string>A564F4AF183D795300785E9E</string>
				<string>A564F4B0183D795300785E9E</string>
				<string>A564F4B1183D795300785E9E</string>
			</array>
			<key>buildRules</key>
			<array/>
			<key>dependencies</key>
			<array>
				<string>A564F4B9183D795300785E9E</string>
			</array>
			<key>isa</key>
			<string>PBXNativeTarget</string>
			<key>name</key>
			<string>wrapperTests</string>
			<key>productName</key>
			<string>wrapperTests</string>
			<key>productReference</key>
			<string>A564F4B3183D795300785E9E</string>
			<key>productType</key>
			<string>com.apple.product-type.bundle.unit-test</string>
		</dict>
		<key>A564F4B3183D795300785E9E</key>
		<dict>
			<key>explicitFileType</key>
			<string>wrapper.cfbundle</string>
			<key>includeInIndex</key>
			<string>0</string>
			<key>isa</key>
			<string>PBXFileReference</string>
			<key>path</key>
			<string>wrapperTests.xctest</string>
			<key>sourceTree</key>
			<string>BUILT_PRODUCTS_DIR</string>
		</dict>
		<key>A564F4B4183D795300785E9E</key>
		<dict>
			<key>isa</key>
			<string>PBXFileReference</string>
			<key>lastKnownFileType</key>
			<string>wrapper.framework</string>
			<key>name</key>
			<string>XCTest.framework</string>
			<key>path</key>
			<string>Library/Frameworks/XCTest.framework</string>
			<key>sourceTree</key>
			<string>DEVELOPER_DIR</string>
		</dict>
		<key>A564F4B5183D795300785E9E</key>
		<dict>
			<key>fileRef</key>
			<string>A564F4B4183D795300785E9E</string>
			<key>isa</key>
			<string>PBXBuildFile</string>
		</dict>
		<key>A564F4B6183D795300785E9E</key>
		<dict>
			<key>fileRef</key>
			<string>A564F49B183D795300785E9E</string>
			<key>isa</key>
			<string>PBXBuildFile</string>
		</dict>
		<key>A564F4B7183D795300785E9E</key>
		<dict>
			<key>fileRef</key>
			<string>A564F49F183D795300785E9E</string>
			<key>isa</key>
			<string>PBXBuildFile</string>
		</dict>
		<key>A564F4B8183D795300785E9E</key>
		<dict>
			<key>containerPortal</key>
			<string>A564F490183D795300785E9E</string>
			<key>isa</key>
			<string>PBXContainerItemProxy</string>
			<key>proxyType</key>
			<string>1</string>
			<key>remoteGlobalIDString</key>
			<string>A564F497183D795300785E9E</string>
			<key>remoteInfo</key>
			<string>wrapper</string>
		</dict>
		<key>A564F4B9183D795300785E9E</key>
		<dict>
			<key>isa</key>
			<string>PBXTargetDependency</string>
			<key>target</key>
			<string>A564F497183D795300785E9E</string>
			<key>targetProxy</key>
			<string>A564F4B8183D795300785E9E</string>
		</dict>
		<key>A564F4BA183D795300785E9E</key>
		<dict>
			<key>children</key>
			<array>
				<string>A564F4C0183D795300785E9E</string>
				<string>A564F4BB183D795300785E9E</string>
			</array>
			<key>isa</key>
			<string>PBXGroup</string>
			<key>path</key>
			<string>wrapperTests</string>
			<key>sourceTree</key>
			<string>&lt;group&gt;</string>
		</dict>
		<key>A564F4BB183D795300785E9E</key>
		<dict>
			<key>children</key>
			<array>
				<string>A564F4BC183D795300785E9E</string>
				<string>A564F4BD183D795300785E9E</string>
			</array>
			<key>isa</key>
			<string>PBXGroup</string>
			<key>name</key>
			<string>Supporting Files</string>
			<key>sourceTree</key>
			<string>&lt;group&gt;</string>
		</dict>
		<key>A564F4BC183D795300785E9E</key>
		<dict>
			<key>isa</key>
			<string>PBXFileReference</string>
			<key>lastKnownFileType</key>
			<string>text.plist.xml</string>
			<key>path</key>
			<string>wrapperTests-Info.plist</string>
			<key>sourceTree</key>
			<string>&lt;group&gt;</string>
		</dict>
		<key>A564F4BD183D795300785E9E</key>
		<dict>
			<key>children</key>
			<array>
				<string>A564F4BE183D795300785E9E</string>
			</array>
			<key>isa</key>
			<string>PBXVariantGroup</string>
			<key>name</key>
			<string>InfoPlist.strings</string>
			<key>sourceTree</key>
			<string>&lt;group&gt;</string>
		</dict>
		<key>A564F4BE183D795300785E9E</key>
		<dict>
			<key>isa</key>
			<string>PBXFileReference</string>
			<key>lastKnownFileType</key>
			<string>text.plist.strings</string>
			<key>name</key>
			<string>en</string>
			<key>path</key>
			<string>en.lproj/InfoPlist.strings</string>
			<key>sourceTree</key>
			<string>&lt;group&gt;</string>
		</dict>
		<key>A564F4BF183D795300785E9E</key>
		<dict>
			<key>fileRef</key>
			<string>A564F4BD183D795300785E9E</string>
			<key>isa</key>
			<string>PBXBuildFile</string>
		</dict>
		<key>A564F4C0183D795300785E9E</key>
		<dict>
			<key>isa</key>
			<string>PBXFileReference</string>
			<key>lastKnownFileType</key>
			<string>sourcecode.c.objc</string>
			<key>path</key>
			<string>wrapperTests.m</string>
			<key>sourceTree</key>
			<string>&lt;group&gt;</string>
		</dict>
		<key>A564F4C1183D795300785E9E</key>
		<dict>
			<key>fileRef</key>
			<string>A564F4C0183D795300785E9E</string>
			<key>isa</key>
			<string>PBXBuildFile</string>
		</dict>
		<key>A564F4C2183D795300785E9E</key>
		<dict>
			<key>buildSettings</key>
			<dict>
				<key>ALWAYS_SEARCH_USER_PATHS</key>
				<string>NO</string>
				<key>ARCHS</key>
				<string>$(ARCHS_STANDARD_INCLUDING_64_BIT)</string>
				<key>CLANG_CXX_LANGUAGE_STANDARD</key>
				<string>gnu++0x</string>
				<key>CLANG_CXX_LIBRARY</key>
				<string>libc++</string>
				<key>CLANG_ENABLE_MODULES</key>
				<string>YES</string>
				<key>CLANG_ENABLE_OBJC_ARC</key>
				<string>YES</string>
				<key>CLANG_WARN_BOOL_CONVERSION</key>
				<string>YES</string>
				<key>CLANG_WARN_CONSTANT_CONVERSION</key>
				<string>YES</string>
				<key>CLANG_WARN_DIRECT_OBJC_ISA_USAGE</key>
				<string>YES_ERROR</string>
				<key>CLANG_WARN_EMPTY_BODY</key>
				<string>YES</string>
				<key>CLANG_WARN_ENUM_CONVERSION</key>
				<string>YES</string>
				<key>CLANG_WARN_INT_CONVERSION</key>
				<string>YES</string>
				<key>CLANG_WARN_OBJC_ROOT_CLASS</key>
				<string>YES_ERROR</string>
				<key>CLANG_WARN__DUPLICATE_METHOD_MATCH</key>
				<string>YES</string>
				<key>CODE_SIGN_IDENTITY[sdk=iphoneos*]</key>
				<string>iPhone Developer</string>
				<key>COPY_PHASE_STRIP</key>
				<string>NO</string>
				<key>GCC_C_LANGUAGE_STANDARD</key>
				<string>gnu99</string>
				<key>GCC_DYNAMIC_NO_PIC</key>
				<string>NO</string>
				<key>GCC_OPTIMIZATION_LEVEL</key>
				<string>0</string>
				<key>GCC_PREPROCESSOR_DEFINITIONS</key>
				<array>
					<string>DEBUG=1</string>
					<string>$(inherited)</string>
				</array>
				<key>GCC_SYMBOLS_PRIVATE_EXTERN</key>
				<string>NO</string>
				<key>GCC_WARN_64_TO_32_BIT_CONVERSION</key>
				<string>YES</string>
				<key>GCC_WARN_ABOUT_RETURN_TYPE</key>
				<string>YES_ERROR</string>
				<key>GCC_WARN_UNDECLARED_SELECTOR</key>
				<string>YES</string>
				<key>GCC_WARN_UNINITIALIZED_AUTOS</key>
				<string>YES</string>
				<key>GCC_WARN_UNUSED_FUNCTION</key>
				<string>YES</string>
				<key>GCC_WARN_UNUSED_VARIABLE</key>
				<string>YES</string>
				<key>IPHONEOS_DEPLOYMENT_TARGET</key>
				<string>7.0</string>
				<key>ONLY_ACTIVE_ARCH</key>
				<string>YES</string>
				<key>SDKROOT</key>
				<string>iphoneos</string>
				<key>TARGETED_DEVICE_FAMILY</key>
				<string>1,2</string>
			</dict>
			<key>isa</key>
			<string>XCBuildConfiguration</string>
			<key>name</key>
			<string>Debug</string>
		</dict>
		<key>A564F4C3183D795300785E9E</key>
		<dict>
			<key>buildSettings</key>
			<dict>
				<key>ALWAYS_SEARCH_USER_PATHS</key>
				<string>NO</string>
				<key>ARCHS</key>
				<string>$(ARCHS_STANDARD_INCLUDING_64_BIT)</string>
				<key>CLANG_CXX_LANGUAGE_STANDARD</key>
				<string>gnu++0x</string>
				<key>CLANG_CXX_LIBRARY</key>
				<string>libc++</string>
				<key>CLANG_ENABLE_MODULES</key>
				<string>YES</string>
				<key>CLANG_ENABLE_OBJC_ARC</key>
				<string>YES</string>
				<key>CLANG_WARN_BOOL_CONVERSION</key>
				<string>YES</string>
				<key>CLANG_WARN_CONSTANT_CONVERSION</key>
				<string>YES</string>
				<key>CLANG_WARN_DIRECT_OBJC_ISA_USAGE</key>
				<string>YES_ERROR</string>
				<key>CLANG_WARN_EMPTY_BODY</key>
				<string>YES</string>
				<key>CLANG_WARN_ENUM_CONVERSION</key>
				<string>YES</string>
				<key>CLANG_WARN_INT_CONVERSION</key>
				<string>YES</string>
				<key>CLANG_WARN_OBJC_ROOT_CLASS</key>
				<string>YES_ERROR</string>
				<key>CLANG_WARN__DUPLICATE_METHOD_MATCH</key>
				<string>YES</string>
				<key>CODE_SIGN_IDENTITY[sdk=iphoneos*]</key>
				<string>iPhone Developer</string>
				<key>COPY_PHASE_STRIP</key>
				<string>YES</string>
				<key>ENABLE_NS_ASSERTIONS</key>
				<string>NO</string>
				<key>GCC_C_LANGUAGE_STANDARD</key>
				<string>gnu99</string>
				<key>GCC_WARN_64_TO_32_BIT_CONVERSION</key>
				<string>YES</string>
				<key>GCC_WARN_ABOUT_RETURN_TYPE</key>
				<string>YES_ERROR</string>
				<key>GCC_WARN_UNDECLARED_SELECTOR</key>
				<string>YES</string>
				<key>GCC_WARN_UNINITIALIZED_AUTOS</key>
				<string>YES</string>
				<key>GCC_WARN_UNUSED_FUNCTION</key>
				<string>YES</string>
				<key>GCC_WARN_UNUSED_VARIABLE</key>
				<string>YES</string>
				<key>IPHONEOS_DEPLOYMENT_TARGET</key>
				<string>7.0</string>
				<key>SDKROOT</key>
				<string>iphoneos</string>
				<key>TARGETED_DEVICE_FAMILY</key>
				<string>1,2</string>
				<key>VALIDATE_PRODUCT</key>
				<string>YES</string>
			</dict>
			<key>isa</key>
			<string>XCBuildConfiguration</string>
			<key>name</key>
			<string>Release</string>
		</dict>
		<key>A564F4C4183D795300785E9E</key>
		<dict>
			<key>buildConfigurations</key>
			<array>
				<string>A564F4C5183D795300785E9E</string>
				<string>A564F4C6183D795300785E9E</string>
			</array>
			<key>defaultConfigurationIsVisible</key>
			<string>0</string>
			<key>defaultConfigurationName</key>
			<string>Release</string>
			<key>isa</key>
			<string>XCConfigurationList</string>
		</dict>
		<key>A564F4C5183D795300785E9E</key>
		<dict>
			<key>baseConfigurationReference</key>
			<string>8A155502F79940A09BF381D3</string>
			<key>buildSettings</key>
			<dict>
				<key>ASSETCATALOG_COMPILER_APPICON_NAME</key>
				<string>AppIcon</string>
				<key>ASSETCATALOG_COMPILER_LAUNCHIMAGE_NAME</key>
				<string>LaunchImage</string>
				<key>GCC_PRECOMPILE_PREFIX_HEADER</key>
				<string>YES</string>
				<key>GCC_PREFIX_HEADER</key>
				<string>wrapper/wrapper-Prefix.pch</string>
				<key>INFOPLIST_FILE</key>
				<string>wrapper/wrapper-Info.plist</string>
				<key>PRODUCT_NAME</key>
				<string>$(TARGET_NAME)</string>
				<key>WRAPPER_EXTENSION</key>
				<string>app</string>
			</dict>
			<key>isa</key>
			<string>XCBuildConfiguration</string>
			<key>name</key>
			<string>Debug</string>
		</dict>
		<key>A564F4C6183D795300785E9E</key>
		<dict>
			<key>baseConfigurationReference</key>
			<string>8A155502F79940A09BF381D3</string>
			<key>buildSettings</key>
			<dict>
				<key>ASSETCATALOG_COMPILER_APPICON_NAME</key>
				<string>AppIcon</string>
				<key>ASSETCATALOG_COMPILER_LAUNCHIMAGE_NAME</key>
				<string>LaunchImage</string>
				<key>GCC_PRECOMPILE_PREFIX_HEADER</key>
				<string>YES</string>
				<key>GCC_PREFIX_HEADER</key>
				<string>wrapper/wrapper-Prefix.pch</string>
				<key>INFOPLIST_FILE</key>
				<string>wrapper/wrapper-Info.plist</string>
				<key>PRODUCT_NAME</key>
				<string>$(TARGET_NAME)</string>
				<key>WRAPPER_EXTENSION</key>
				<string>app</string>
			</dict>
			<key>isa</key>
			<string>XCBuildConfiguration</string>
			<key>name</key>
			<string>Release</string>
		</dict>
		<key>A564F4C7183D795300785E9E</key>
		<dict>
			<key>buildConfigurations</key>
			<array>
				<string>A564F4C8183D795300785E9E</string>
				<string>A564F4C9183D795300785E9E</string>
			</array>
			<key>defaultConfigurationIsVisible</key>
			<string>0</string>
			<key>defaultConfigurationName</key>
			<string>Release</string>
			<key>isa</key>
			<string>XCConfigurationList</string>
		</dict>
		<key>A564F4C8183D795300785E9E</key>
		<dict>
			<key>buildSettings</key>
			<dict>
				<key>ARCHS</key>
				<string>$(ARCHS_STANDARD_INCLUDING_64_BIT)</string>
				<key>BUNDLE_LOADER</key>
				<string>$(BUILT_PRODUCTS_DIR)/wrapper.app/wrapper</string>
				<key>FRAMEWORK_SEARCH_PATHS</key>
				<array>
					<string>$(SDKROOT)/Developer/Library/Frameworks</string>
					<string>$(inherited)</string>
					<string>$(DEVELOPER_FRAMEWORKS_DIR)</string>
				</array>
				<key>GCC_PRECOMPILE_PREFIX_HEADER</key>
				<string>YES</string>
				<key>GCC_PREFIX_HEADER</key>
				<string>wrapper/wrapper-Prefix.pch</string>
				<key>GCC_PREPROCESSOR_DEFINITIONS</key>
				<array>
					<string>DEBUG=1</string>
					<string>$(inherited)</string>
				</array>
				<key>INFOPLIST_FILE</key>
				<string>wrapperTests/wrapperTests-Info.plist</string>
				<key>PRODUCT_NAME</key>
				<string>$(TARGET_NAME)</string>
				<key>TEST_HOST</key>
				<string>$(BUNDLE_LOADER)</string>
				<key>WRAPPER_EXTENSION</key>
				<string>xctest</string>
			</dict>
			<key>isa</key>
			<string>XCBuildConfiguration</string>
			<key>name</key>
			<string>Debug</string>
		</dict>
		<key>A564F4C9183D795300785E9E</key>
		<dict>
			<key>buildSettings</key>
			<dict>
				<key>ARCHS</key>
				<string>$(ARCHS_STANDARD_INCLUDING_64_BIT)</string>
				<key>BUNDLE_LOADER</key>
				<string>$(BUILT_PRODUCTS_DIR)/wrapper.app/wrapper</string>
				<key>FRAMEWORK_SEARCH_PATHS</key>
				<array>
					<string>$(SDKROOT)/Developer/Library/Frameworks</string>
					<string>$(inherited)</string>
					<string>$(DEVELOPER_FRAMEWORKS_DIR)</string>
				</array>
				<key>GCC_PRECOMPILE_PREFIX_HEADER</key>
				<string>YES</string>
				<key>GCC_PREFIX_HEADER</key>
				<string>wrapper/wrapper-Prefix.pch</string>
				<key>INFOPLIST_FILE</key>
				<string>wrapperTests/wrapperTests-Info.plist</string>
				<key>PRODUCT_NAME</key>
				<string>$(TARGET_NAME)</string>
				<key>TEST_HOST</key>
				<string>$(BUNDLE_LOADER)</string>
				<key>WRAPPER_EXTENSION</key>
				<string>xctest</string>
			</dict>
			<key>isa</key>
			<string>XCBuildConfiguration</string>
			<key>name</key>
			<string>Release</string>
		</dict>
		<key>A564F4CA183D799D00785E9E</key>
		<dict>
			<key>fileEncoding</key>
			<string>4</string>
			<key>isa</key>
			<string>PBXFileReference</string>
			<key>lastKnownFileType</key>
			<string>file.storyboard</string>
			<key>path</key>
			<string>iphone.storyboard</string>
			<key>sourceTree</key>
			<string>&lt;group&gt;</string>
		</dict>
		<key>A564F4CB183D799D00785E9E</key>
		<dict>
			<key>fileRef</key>
			<string>A564F4CA183D799D00785E9E</string>
			<key>isa</key>
			<string>PBXBuildFile</string>
		</dict>
		<key>A564F4CC183D98AA00785E9E</key>
		<dict>
			<key>fileEncoding</key>
			<string>4</string>
			<key>isa</key>
			<string>PBXFileReference</string>
			<key>lastKnownFileType</key>
			<string>sourcecode.c.h</string>
			<key>path</key>
			<string>MonthlyViewController.h</string>
			<key>sourceTree</key>
			<string>&lt;group&gt;</string>
		</dict>
		<key>A564F4CD183D98AA00785E9E</key>
		<dict>
			<key>fileEncoding</key>
			<string>4</string>
			<key>isa</key>
			<string>PBXFileReference</string>
			<key>lastKnownFileType</key>
			<string>sourcecode.c.objc</string>
			<key>path</key>
			<string>MonthlyViewController.m</string>
			<key>sourceTree</key>
			<string>&lt;group&gt;</string>
		</dict>
		<key>A564F4CE183D98AA00785E9E</key>
		<dict>
			<key>fileRef</key>
			<string>A564F4CD183D98AA00785E9E</string>
			<key>isa</key>
			<string>PBXBuildFile</string>
		</dict>
		<key>A564F4CF183D98F800785E9E</key>
		<dict>
			<key>fileEncoding</key>
			<string>4</string>
			<key>isa</key>
			<string>PBXFileReference</string>
			<key>lastKnownFileType</key>
			<string>sourcecode.c.h</string>
			<key>path</key>
			<string>SigninViewController.h</string>
			<key>sourceTree</key>
			<string>&lt;group&gt;</string>
		</dict>
		<key>A564F4D0183D98F800785E9E</key>
		<dict>
			<key>fileEncoding</key>
			<string>4</string>
			<key>isa</key>
			<string>PBXFileReference</string>
			<key>lastKnownFileType</key>
			<string>sourcecode.c.objc</string>
			<key>path</key>
			<string>SigninViewController.m</string>
			<key>sourceTree</key>
			<string>&lt;group&gt;</string>
		</dict>
		<key>A564F4D1183D98F800785E9E</key>
		<dict>
			<key>fileRef</key>
			<string>A564F4D0183D98F800785E9E</string>
			<key>isa</key>
			<string>PBXBuildFile</string>
		</dict>
		<key>A564F4D2183DA42600785E9E</key>
		<dict>
			<key>children</key>
			<array>
				<string>FEEFB4091850837D00F5F182</string>
				<string>FEEFB40A1850837D00F5F182</string>
				<string>FEEFB406185078C600F5F182</string>
				<string>FEEFB407185078C600F5F182</string>
				<string>6597E349183F516F00849302</string>
				<string>6597E34A183F516F00849302</string>
				<string>A564F4CC183D98AA00785E9E</string>
				<string>A564F4CD183D98AA00785E9E</string>
				<string>659D9CD0183DBFF6008EBA12</string>
				<string>659D9CD1183DBFF6008EBA12</string>
				<string>A564F4CF183D98F800785E9E</string>
				<string>A564F4D0183D98F800785E9E</string>
			</array>
			<key>isa</key>
			<string>PBXGroup</string>
			<key>name</key>
			<string>controller</string>
			<key>sourceTree</key>
			<string>&lt;group&gt;</string>
		</dict>
		<key>A564F4D3183DA49F00785E9E</key>
		<dict>
			<key>children</key>
			<array>
				<string>A564F4D4183DA55F00785E9E</string>
				<string>A564F4D5183DA55F00785E9E</string>
				<string>FE90AAC51852834D001AD462</string>
				<string>FE90AAC61852834D001AD462</string>
				<string>FE90AABF18527884001AD462</string>
				<string>FE90AAC018527884001AD462</string>
				<string>FE90AAC21852806E001AD462</string>
				<string>FE90AAC31852806E001AD462</string>
				<string>FE90AACB1852F412001AD462</string>
				<string>FE90AACC1852F412001AD462</string>
			</array>
			<key>isa</key>
			<string>PBXGroup</string>
			<key>name</key>
			<string>model</string>
			<key>sourceTree</key>
			<string>&lt;group&gt;</string>
		</dict>
		<key>A564F4D4183DA55F00785E9E</key>
		<dict>
			<key>fileEncoding</key>
			<string>4</string>
			<key>isa</key>
			<string>PBXFileReference</string>
			<key>lastKnownFileType</key>
			<string>sourcecode.c.h</string>
			<key>path</key>
			<string>Schedule.h</string>
			<key>sourceTree</key>
			<string>&lt;group&gt;</string>
		</dict>
		<key>A564F4D5183DA55F00785E9E</key>
		<dict>
			<key>fileEncoding</key>
			<string>4</string>
			<key>isa</key>
			<string>PBXFileReference</string>
			<key>lastKnownFileType</key>
			<string>sourcecode.c.objc</string>
			<key>path</key>
			<string>Schedule.m</string>
			<key>sourceTree</key>
			<string>&lt;group&gt;</string>
		</dict>
		<key>A564F4D6183DA55F00785E9E</key>
		<dict>
			<key>fileRef</key>
			<string>A564F4D5183DA55F00785E9E</string>
			<key>isa</key>
			<string>PBXBuildFile</string>
		</dict>
		<key>BA4ED1FA8F5A40B4BE6281B1</key>
		<dict>
			<key>buildActionMask</key>
			<string>2147483647</string>
			<key>files</key>
			<array/>
			<key>inputPaths</key>
			<array/>
			<key>isa</key>
			<string>PBXShellScriptBuildPhase</string>
			<key>name</key>
			<string>Check Pods Manifest.lock</string>
			<key>outputPaths</key>
			<array/>
			<key>runOnlyForDeploymentPostprocessing</key>
			<string>0</string>
			<key>shellPath</key>
			<string>/bin/sh</string>
			<key>shellScript</key>
			<string>diff "${PODS_ROOT}/../Podfile.lock" "${PODS_ROOT}/Manifest.lock" &gt; /dev/null
if [[ $? != 0 ]] ; then
    cat &lt;&lt; EOM
error: The sandbox is not in sync with the Podfile.lock. Run 'pod install' or update your CocoaPods installation.
EOM
    exit 1
fi
</string>
			<key>showEnvVarsInLog</key>
			<string>0</string>
		</dict>
		<key>D95AC2FCC567422D9ABFF362</key>
		<dict>
			<key>fileRef</key>
			<string>EADF2D1060BB42CCB78461C8</string>
			<key>isa</key>
			<string>PBXBuildFile</string>
		</dict>
		<key>EADF2D1060BB42CCB78461C8</key>
		<dict>
			<key>explicitFileType</key>
			<string>archive.ar</string>
			<key>includeInIndex</key>
			<string>0</string>
			<key>isa</key>
			<string>PBXFileReference</string>
			<key>path</key>
			<string>libPods.a</string>
			<key>sourceTree</key>
			<string>BUILT_PRODUCTS_DIR</string>
		</dict>
		<key>FE90AABF18527884001AD462</key>
		<dict>
			<key>fileEncoding</key>
			<string>4</string>
			<key>isa</key>
			<string>PBXFileReference</string>
			<key>lastKnownFileType</key>
			<string>sourcecode.c.h</string>
			<key>path</key>
			<string>Course.h</string>
			<key>sourceTree</key>
			<string>&lt;group&gt;</string>
		</dict>
		<key>FE90AAC018527884001AD462</key>
		<dict>
			<key>fileEncoding</key>
			<string>4</string>
			<key>isa</key>
			<string>PBXFileReference</string>
			<key>lastKnownFileType</key>
			<string>sourcecode.c.objc</string>
			<key>path</key>
			<string>Course.m</string>
			<key>sourceTree</key>
			<string>&lt;group&gt;</string>
		</dict>
		<key>FE90AAC118527884001AD462</key>
		<dict>
			<key>fileRef</key>
			<string>FE90AAC018527884001AD462</string>
			<key>isa</key>
			<string>PBXBuildFile</string>
		</dict>
		<key>FE90AAC21852806E001AD462</key>
		<dict>
			<key>fileEncoding</key>
			<string>4</string>
			<key>isa</key>
			<string>PBXFileReference</string>
			<key>lastKnownFileType</key>
			<string>sourcecode.c.h</string>
			<key>path</key>
			<string>Attendance.h</string>
			<key>sourceTree</key>
			<string>&lt;group&gt;</string>
		</dict>
		<key>FE90AAC31852806E001AD462</key>
		<dict>
			<key>fileEncoding</key>
			<string>4</string>
			<key>isa</key>
			<string>PBXFileReference</string>
			<key>lastKnownFileType</key>
			<string>sourcecode.c.objc</string>
			<key>path</key>
			<string>Attendance.m</string>
			<key>sourceTree</key>
			<string>&lt;group&gt;</string>
		</dict>
		<key>FE90AAC41852806E001AD462</key>
		<dict>
			<key>fileRef</key>
			<string>FE90AAC31852806E001AD462</string>
			<key>isa</key>
			<string>PBXBuildFile</string>
		</dict>
		<key>FE90AAC51852834D001AD462</key>
		<dict>
			<key>fileEncoding</key>
			<string>4</string>
			<key>isa</key>
			<string>PBXFileReference</string>
			<key>lastKnownFileType</key>
			<string>sourcecode.c.h</string>
			<key>path</key>
			<string>User.h</string>
			<key>sourceTree</key>
			<string>&lt;group&gt;</string>
		</dict>
		<key>FE90AAC61852834D001AD462</key>
		<dict>
			<key>fileEncoding</key>
			<string>4</string>
			<key>isa</key>
			<string>PBXFileReference</string>
			<key>lastKnownFileType</key>
			<string>sourcecode.c.objc</string>
			<key>path</key>
			<string>User.m</string>
			<key>sourceTree</key>
			<string>&lt;group&gt;</string>
		</dict>
		<key>FE90AAC71852834D001AD462</key>
		<dict>
			<key>fileRef</key>
			<string>FE90AAC61852834D001AD462</string>
			<key>isa</key>
			<string>PBXBuildFile</string>
		</dict>
		<key>FE90AACB1852F412001AD462</key>
		<dict>
			<key>fileEncoding</key>
			<string>4</string>
			<key>isa</key>
			<string>PBXFileReference</string>
			<key>lastKnownFileType</key>
			<string>sourcecode.c.h</string>
			<key>path</key>
			<string>Student.h</string>
			<key>sourceTree</key>
			<string>&lt;group&gt;</string>
		</dict>
		<key>FE90AACC1852F412001AD462</key>
		<dict>
			<key>fileEncoding</key>
			<string>4</string>
			<key>isa</key>
			<string>PBXFileReference</string>
			<key>lastKnownFileType</key>
			<string>sourcecode.c.objc</string>
			<key>path</key>
			<string>Student.m</string>
			<key>sourceTree</key>
			<string>&lt;group&gt;</string>
		</dict>
		<key>FE90AACD1852F412001AD462</key>
		<dict>
			<key>fileRef</key>
			<string>FE90AACC1852F412001AD462</string>
			<key>isa</key>
			<string>PBXBuildFile</string>
		</dict>
		<key>FEEFB3F518501C2B00F5F182</key>
		<dict>
			<key>fileEncoding</key>
			<string>4</string>
			<key>isa</key>
			<string>PBXFileReference</string>
			<key>lastKnownFileType</key>
			<string>sourcecode.c.h</string>
			<key>path</key>
			<string>CalendarPanel.h</string>
			<key>sourceTree</key>
			<string>&lt;group&gt;</string>
		</dict>
		<key>FEEFB3F618501C2B00F5F182</key>
		<dict>
			<key>fileEncoding</key>
			<string>4</string>
			<key>isa</key>
			<string>PBXFileReference</string>
			<key>lastKnownFileType</key>
			<string>sourcecode.c.objc</string>
			<key>path</key>
			<string>CalendarPanel.m</string>
			<key>sourceTree</key>
			<string>&lt;group&gt;</string>
		</dict>
		<key>FEEFB3F718501C2B00F5F182</key>
		<dict>
			<key>fileRef</key>
			<string>FEEFB3F618501C2B00F5F182</string>
			<key>isa</key>
			<string>PBXBuildFile</string>
		</dict>
		<key>FEEFB3F818501C3900F5F182</key>
		<dict>
			<key>fileEncoding</key>
			<string>4</string>
			<key>isa</key>
			<string>PBXFileReference</string>
			<key>lastKnownFileType</key>
			<string>sourcecode.c.h</string>
			<key>path</key>
			<string>CalendarButton.h</string>
			<key>sourceTree</key>
			<string>&lt;group&gt;</string>
		</dict>
		<key>FEEFB3F918501C3900F5F182</key>
		<dict>
			<key>fileEncoding</key>
			<string>4</string>
			<key>isa</key>
			<string>PBXFileReference</string>
			<key>lastKnownFileType</key>
			<string>sourcecode.c.objc</string>
			<key>path</key>
			<string>CalendarButton.m</string>
			<key>sourceTree</key>
			<string>&lt;group&gt;</string>
		</dict>
		<key>FEEFB3FA18501C3900F5F182</key>
		<dict>
			<key>fileRef</key>
			<string>FEEFB3F918501C3900F5F182</string>
			<key>isa</key>
			<string>PBXBuildFile</string>
		</dict>
		<key>FEEFB3FB18501DDD00F5F182</key>
		<dict>
			<key>children</key>
			<array>
				<string>FEEFB3F518501C2B00F5F182</string>
				<string>FEEFB3F618501C2B00F5F182</string>
				<string>659D9CD7183DD5D8008EBA12</string>
				<string>659D9CD8183DD5D8008EBA12</string>
				<string>653642EB183EB36F0057D41A</string>
				<string>653642EC183EB36F0057D41A</string>
			</array>
			<key>isa</key>
			<string>PBXGroup</string>
			<key>name</key>
			<string>panel</string>
			<key>sourceTree</key>
			<string>&lt;group&gt;</string>
		</dict>
		<key>FEEFB3FC18501DEC00F5F182</key>
		<dict>
			<key>children</key>
			<array>
				<string>FEEFB3F818501C3900F5F182</string>
				<string>FEEFB3F918501C3900F5F182</string>
				<string>653642EF183EC1B50057D41A</string>
				<string>653642F0183EC1B50057D41A</string>
				<string>653642F2183EF61D0057D41A</string>
				<string>653642F3183EF61D0057D41A</string>
			</array>
			<key>isa</key>
			<string>PBXGroup</string>
			<key>name</key>
			<string>button</string>
			<key>sourceTree</key>
			<string>&lt;group&gt;</string>
		</dict>
		<key>FEEFB3FD18501ED700F5F182</key>
		<dict>
			<key>fileEncoding</key>
			<string>4</string>
			<key>isa</key>
			<string>PBXFileReference</string>
			<key>lastKnownFileType</key>
			<string>sourcecode.c.h</string>
			<key>path</key>
			<string>CalendarLabels.h</string>
			<key>sourceTree</key>
			<string>&lt;group&gt;</string>
		</dict>
		<key>FEEFB3FE18501ED700F5F182</key>
		<dict>
			<key>fileEncoding</key>
			<string>4</string>
			<key>isa</key>
			<string>PBXFileReference</string>
			<key>lastKnownFileType</key>
			<string>sourcecode.c.objc</string>
			<key>path</key>
			<string>CalendarLabels.m</string>
			<key>sourceTree</key>
			<string>&lt;group&gt;</string>
		</dict>
		<key>FEEFB3FF18501ED700F5F182</key>
		<dict>
			<key>fileRef</key>
			<string>FEEFB3FE18501ED700F5F182</string>
			<key>isa</key>
			<string>PBXBuildFile</string>
		</dict>
		<key>FEEFB406185078C600F5F182</key>
		<dict>
			<key>fileEncoding</key>
			<string>4</string>
			<key>isa</key>
			<string>PBXFileReference</string>
			<key>lastKnownFileType</key>
			<string>sourcecode.c.h</string>
			<key>path</key>
			<string>AttendanceViewController.h</string>
			<key>sourceTree</key>
			<string>&lt;group&gt;</string>
		</dict>
		<key>FEEFB407185078C600F5F182</key>
		<dict>
			<key>fileEncoding</key>
			<string>4</string>
			<key>isa</key>
			<string>PBXFileReference</string>
			<key>lastKnownFileType</key>
			<string>sourcecode.c.objc</string>
			<key>path</key>
			<string>AttendanceViewController.m</string>
			<key>sourceTree</key>
			<string>&lt;group&gt;</string>
		</dict>
		<key>FEEFB408185078C600F5F182</key>
		<dict>
			<key>fileRef</key>
			<string>FEEFB407185078C600F5F182</string>
			<key>isa</key>
			<string>PBXBuildFile</string>
		</dict>
		<key>FEEFB4091850837D00F5F182</key>
		<dict>
			<key>fileEncoding</key>
			<string>4</string>
			<key>isa</key>
			<string>PBXFileReference</string>
			<key>lastKnownFileType</key>
			<string>sourcecode.c.h</string>
			<key>path</key>
			<string>TitleTableViewController.h</string>
			<key>sourceTree</key>
			<string>&lt;group&gt;</string>
		</dict>
		<key>FEEFB40A1850837D00F5F182</key>
		<dict>
			<key>fileEncoding</key>
			<string>4</string>
			<key>isa</key>
			<string>PBXFileReference</string>
			<key>lastKnownFileType</key>
			<string>sourcecode.c.objc</string>
			<key>path</key>
			<string>TitleTableViewController.m</string>
			<key>sourceTree</key>
			<string>&lt;group&gt;</string>
		</dict>
		<key>FEEFB40B1850837D00F5F182</key>
		<dict>
			<key>fileRef</key>
			<string>FEEFB40A1850837D00F5F182</string>
			<key>isa</key>
			<string>PBXBuildFile</string>
		</dict>
	</dict>
	<key>rootObject</key>
	<string>A564F490183D795300785E9E</string>
</dict>
</plist>
